
Microsoft Visual Studio Solution File, Format Version 12.00
# Visual Studio Version 16
VisualStudioVersion = 16.0.28803.452
MinimumVisualStudioVersion = 10.0.40219.1
Project("{FAE04EC0-301F-11D3-BF4B-00C04F79EFBC}") = "Codeforces", "Codeforces\Codeforces.csproj", "{5780A1DE-A2E2-4530-85EF-9087327CC419}"
EndProject
Global
	GlobalSection(SolutionConfigurationPlatforms) = preSolution
		Debug|Any CPU = Debug|Any CPU
		Release|Any CPU = Release|Any CPU
	EndGlobalSection
	GlobalSection(ProjectConfigurationPlatforms) = postSolution
		{5780A1DE-A2E2-4530-85EF-9087327CC419}.Debug|Any CPU.ActiveCfg = Debug|Any CPU
		{5780A1DE-A2E2-4530-85EF-9087327CC419}.Debug|Any CPU.Build.0 = Debug|Any CPU
		{5780A1DE-A2E2-4530-85EF-9087327CC419}.Release|Any CPU.ActiveCfg = Release|Any CPU
		{5780A1DE-A2E2-4530-85EF-9087327CC419}.Release|Any CPU.Build.0 = Release|Any CPU
	EndGlobalSection
	GlobalSection(SolutionProperties) = preSolution
		HideSolutionNode = FALSE
	EndGlobalSection
	GlobalSection(ExtensibilityGlobals) = postSolution
		SolutionGuid = {D2D83E57-824D-462A-A940-460A6C3DC9BB}
	EndGlobalSection
EndGlobal
